// !$*UTF8*$!
{
	archiveVersion = 1;
	classes = {
	};
	objectVersion = 46;
	objects = {

/* Begin PBXBuildFile section */
		837A49431A96724E00D806AD /* AppDelegate.swift in Sources */ = {isa = PBXBuildFile; fileRef = 837A49421A96724E00D806AD /* AppDelegate.swift */; };
		837A494A1A96724E00D806AD /* Main.storyboard in Resources */ = {isa = PBXBuildFile; fileRef = 837A49481A96724E00D806AD /* Main.storyboard */; };
		837A494C1A96724E00D806AD /* Images.xcassets in Resources */ = {isa = PBXBuildFile; fileRef = 837A494B1A96724E00D806AD /* Images.xcassets */; };
		837A494F1A96724E00D806AD /* LaunchScreen.xib in Resources */ = {isa = PBXBuildFile; fileRef = 837A494D1A96724E00D806AD /* LaunchScreen.xib */; };
		837A495B1A96724E00D806AD /* RibbitTests.swift in Sources */ = {isa = PBXBuildFile; fileRef = 837A495A1A96724E00D806AD /* RibbitTests.swift */; };
		837A49671A96800300D806AD /* InboxViewController.swift in Sources */ = {isa = PBXBuildFile; fileRef = 837A49661A96800300D806AD /* InboxViewController.swift */; };
		837A496A1A9688FC00D806AD /* Bolts.framework in Frameworks */ = {isa = PBXBuildFile; fileRef = 837A49681A9688FC00D806AD /* Bolts.framework */; };
		837A496B1A9688FC00D806AD /* Parse.framework in Frameworks */ = {isa = PBXBuildFile; fileRef = 837A49691A9688FC00D806AD /* Parse.framework */; };
		837A496D1A96892E00D806AD /* AudioToolbox.framework in Frameworks */ = {isa = PBXBuildFile; fileRef = 837A496C1A96892E00D806AD /* AudioToolbox.framework */; };
		837A496F1A96893900D806AD /* CFNetwork.framework in Frameworks */ = {isa = PBXBuildFile; fileRef = 837A496E1A96893900D806AD /* CFNetwork.framework */; };
		837A49711A96894300D806AD /* CoreGraphics.framework in Frameworks */ = {isa = PBXBuildFile; fileRef = 837A49701A96894300D806AD /* CoreGraphics.framework */; };
		837A49731A96894C00D806AD /* CoreLocation.framework in Frameworks */ = {isa = PBXBuildFile; fileRef = 837A49721A96894C00D806AD /* CoreLocation.framework */; };
		837A49751A96895600D806AD /* MobileCoreServices.framework in Frameworks */ = {isa = PBXBuildFile; fileRef = 837A49741A96895600D806AD /* MobileCoreServices.framework */; };
		837A49771A96896000D806AD /* QuartzCore.framework in Frameworks */ = {isa = PBXBuildFile; fileRef = 837A49761A96896000D806AD /* QuartzCore.framework */; };
		837A49791A96896800D806AD /* Security.framework in Frameworks */ = {isa = PBXBuildFile; fileRef = 837A49781A96896800D806AD /* Security.framework */; };
		837A497B1A96896F00D806AD /* StoreKit.framework in Frameworks */ = {isa = PBXBuildFile; fileRef = 837A497A1A96896F00D806AD /* StoreKit.framework */; };
		837A497D1A96897900D806AD /* SystemConfiguration.framework in Frameworks */ = {isa = PBXBuildFile; fileRef = 837A497C1A96897900D806AD /* SystemConfiguration.framework */; };
		837A497F1A96898800D806AD /* libz.dylib in Frameworks */ = {isa = PBXBuildFile; fileRef = 837A497E1A96898800D806AD /* libz.dylib */; };
		837A49811A96899300D806AD /* libsqlite3.dylib in Frameworks */ = {isa = PBXBuildFile; fileRef = 837A49801A96899300D806AD /* libsqlite3.dylib */; };
		838272D61A96935600D3C363 /* LoginViewController.swift in Sources */ = {isa = PBXBuildFile; fileRef = 838272D51A96935600D3C363 /* LoginViewController.swift */; };
		838272D81A96937500D3C363 /* SignUpViewController.swift in Sources */ = {isa = PBXBuildFile; fileRef = 838272D71A96937500D3C363 /* SignUpViewController.swift */; };
		83AA0C3C1A97AC01003035B0 /* EditFriendsTableViewController.swift in Sources */ = {isa = PBXBuildFile; fileRef = 83AA0C3B1A97AC01003035B0 /* EditFriendsTableViewController.swift */; };
		83F870E81A97BC29004942AA /* FriendsViewController.swift in Sources */ = {isa = PBXBuildFile; fileRef = 83F870E71A97BC29004942AA /* FriendsViewController.swift */; };
		83F870EA1A97DAD4004942AA /* CameraViewController.swift in Sources */ = {isa = PBXBuildFile; fileRef = 83F870E91A97DAD4004942AA /* CameraViewController.swift */; };
/* End PBXBuildFile section */

/* Begin PBXContainerItemProxy section */
		837A49551A96724E00D806AD /* PBXContainerItemProxy */ = {
			isa = PBXContainerItemProxy;
			containerPortal = 837A49351A96724E00D806AD /* Project object */;
			proxyType = 1;
			remoteGlobalIDString = 837A493C1A96724E00D806AD;
			remoteInfo = Ribbit;
		};
/* End PBXContainerItemProxy section */

/* Begin PBXFileReference section */
		837A493D1A96724E00D806AD /* Ribbit.app */ = {isa = PBXFileReference; explicitFileType = wrapper.application; includeInIndex = 0; path = Ribbit.app; sourceTree = BUILT_PRODUCTS_DIR; };
		837A49411A96724E00D806AD /* Info.plist */ = {isa = PBXFileReference; lastKnownFileType = text.plist.xml; path = Info.plist; sourceTree = "<group>"; };
		837A49421A96724E00D806AD /* AppDelegate.swift */ = {isa = PBXFileReference; lastKnownFileType = sourcecode.swift; path = AppDelegate.swift; sourceTree = "<group>"; };
		837A49491A96724E00D806AD /* Base */ = {isa = PBXFileReference; lastKnownFileType = file.storyboard; name = Base; path = Base.lproj/Main.storyboard; sourceTree = "<group>"; };
		837A494B1A96724E00D806AD /* Images.xcassets */ = {isa = PBXFileReference; lastKnownFileType = folder.assetcatalog; path = Images.xcassets; sourceTree = "<group>"; };
		837A494E1A96724E00D806AD /* Base */ = {isa = PBXFileReference; lastKnownFileType = file.xib; name = Base; path = Base.lproj/LaunchScreen.xib; sourceTree = "<group>"; };
		837A49541A96724E00D806AD /* RibbitTests.xctest */ = {isa = PBXFileReference; explicitFileType = wrapper.cfbundle; includeInIndex = 0; path = RibbitTests.xctest; sourceTree = BUILT_PRODUCTS_DIR; };
		837A49591A96724E00D806AD /* Info.plist */ = {isa = PBXFileReference; lastKnownFileType = text.plist.xml; path = Info.plist; sourceTree = "<group>"; };
		837A495A1A96724E00D806AD /* RibbitTests.swift */ = {isa = PBXFileReference; lastKnownFileType = sourcecode.swift; path = RibbitTests.swift; sourceTree = "<group>"; };
		837A49661A96800300D806AD /* InboxViewController.swift */ = {isa = PBXFileReference; fileEncoding = 4; lastKnownFileType = sourcecode.swift; path = InboxViewController.swift; sourceTree = "<group>"; };
		837A49681A9688FC00D806AD /* Bolts.framework */ = {isa = PBXFileReference; lastKnownFileType = wrapper.framework; path = Bolts.framework; sourceTree = "<group>"; };
		837A49691A9688FC00D806AD /* Parse.framework */ = {isa = PBXFileReference; lastKnownFileType = wrapper.framework; path = Parse.framework; sourceTree = "<group>"; };
		837A496C1A96892E00D806AD /* AudioToolbox.framework */ = {isa = PBXFileReference; lastKnownFileType = wrapper.framework; name = AudioToolbox.framework; path = System/Library/Frameworks/AudioToolbox.framework; sourceTree = SDKROOT; };
		837A496E1A96893900D806AD /* CFNetwork.framework */ = {isa = PBXFileReference; lastKnownFileType = wrapper.framework; name = CFNetwork.framework; path = System/Library/Frameworks/CFNetwork.framework; sourceTree = SDKROOT; };
		837A49701A96894300D806AD /* CoreGraphics.framework */ = {isa = PBXFileReference; lastKnownFileType = wrapper.framework; name = CoreGraphics.framework; path = System/Library/Frameworks/CoreGraphics.framework; sourceTree = SDKROOT; };
		837A49721A96894C00D806AD /* CoreLocation.framework */ = {isa = PBXFileReference; lastKnownFileType = wrapper.framework; name = CoreLocation.framework; path = System/Library/Frameworks/CoreLocation.framework; sourceTree = SDKROOT; };
		837A49741A96895600D806AD /* MobileCoreServices.framework */ = {isa = PBXFileReference; lastKnownFileType = wrapper.framework; name = MobileCoreServices.framework; path = System/Library/Frameworks/MobileCoreServices.framework; sourceTree = SDKROOT; };
		837A49761A96896000D806AD /* QuartzCore.framework */ = {isa = PBXFileReference; lastKnownFileType = wrapper.framework; name = QuartzCore.framework; path = System/Library/Frameworks/QuartzCore.framework; sourceTree = SDKROOT; };
		837A49781A96896800D806AD /* Security.framework */ = {isa = PBXFileReference; lastKnownFileType = wrapper.framework; name = Security.framework; path = System/Library/Frameworks/Security.framework; sourceTree = SDKROOT; };
		837A497A1A96896F00D806AD /* StoreKit.framework */ = {isa = PBXFileReference; lastKnownFileType = wrapper.framework; name = StoreKit.framework; path = System/Library/Frameworks/StoreKit.framework; sourceTree = SDKROOT; };
		837A497C1A96897900D806AD /* SystemConfiguration.framework */ = {isa = PBXFileReference; lastKnownFileType = wrapper.framework; name = SystemConfiguration.framework; path = System/Library/Frameworks/SystemConfiguration.framework; sourceTree = SDKROOT; };
		837A497E1A96898800D806AD /* libz.dylib */ = {isa = PBXFileReference; lastKnownFileType = "compiled.mach-o.dylib"; name = libz.dylib; path = usr/lib/libz.dylib; sourceTree = SDKROOT; };
		837A49801A96899300D806AD /* libsqlite3.dylib */ = {isa = PBXFileReference; lastKnownFileType = "compiled.mach-o.dylib"; name = libsqlite3.dylib; path = usr/lib/libsqlite3.dylib; sourceTree = SDKROOT; };
		837A49821A968AEB00D806AD /* Ribbit-Bridging-Header.h */ = {isa = PBXFileReference; lastKnownFileType = sourcecode.c.h; path = "Ribbit-Bridging-Header.h"; sourceTree = "<group>"; };
		838272D51A96935600D3C363 /* LoginViewController.swift */ = {isa = PBXFileReference; fileEncoding = 4; lastKnownFileType = sourcecode.swift; path = LoginViewController.swift; sourceTree = "<group>"; };
		838272D71A96937500D3C363 /* SignUpViewController.swift */ = {isa = PBXFileReference; fileEncoding = 4; lastKnownFileType = sourcecode.swift; path = SignUpViewController.swift; sourceTree = "<group>"; };
		83AA0C3B1A97AC01003035B0 /* EditFriendsTableViewController.swift */ = {isa = PBXFileReference; fileEncoding = 4; lastKnownFileType = sourcecode.swift; path = EditFriendsTableViewController.swift; sourceTree = "<group>"; };
		83F870E71A97BC29004942AA /* FriendsViewController.swift */ = {isa = PBXFileReference; fileEncoding = 4; lastKnownFileType = sourcecode.swift; path = FriendsViewController.swift; sourceTree = "<group>"; };
		83F870E91A97DAD4004942AA /* CameraViewController.swift */ = {isa = PBXFileReference; fileEncoding = 4; lastKnownFileType = sourcecode.swift; path = CameraViewController.swift; sourceTree = "<group>"; };
/* End PBXFileReference section */

/* Begin PBXFrameworksBuildPhase section */
		837A493A1A96724E00D806AD /* Frameworks */ = {
			isa = PBXFrameworksBuildPhase;
			buildActionMask = 2147483647;
			files = (
				837A49811A96899300D806AD /* libsqlite3.dylib in Frameworks */,
				837A497F1A96898800D806AD /* libz.dylib in Frameworks */,
				837A497D1A96897900D806AD /* SystemConfiguration.framework in Frameworks */,
				837A497B1A96896F00D806AD /* StoreKit.framework in Frameworks */,
				837A49791A96896800D806AD /* Security.framework in Frameworks */,
				837A49771A96896000D806AD /* QuartzCore.framework in Frameworks */,
				837A49751A96895600D806AD /* MobileCoreServices.framework in Frameworks */,
				837A49731A96894C00D806AD /* CoreLocation.framework in Frameworks */,
				837A49711A96894300D806AD /* CoreGraphics.framework in Frameworks */,
				837A496F1A96893900D806AD /* CFNetwork.framework in Frameworks */,
				837A496D1A96892E00D806AD /* AudioToolbox.framework in Frameworks */,
				837A496B1A9688FC00D806AD /* Parse.framework in Frameworks */,
				837A496A1A9688FC00D806AD /* Bolts.framework in Frameworks */,
			);
			runOnlyForDeploymentPostprocessing = 0;
		};
		837A49511A96724E00D806AD /* Frameworks */ = {
			isa = PBXFrameworksBuildPhase;
			buildActionMask = 2147483647;
			files = (
			);
			runOnlyForDeploymentPostprocessing = 0;
		};
/* End PBXFrameworksBuildPhase section */

/* Begin PBXGroup section */
		837A49341A96724E00D806AD = {
			isa = PBXGroup;
			children = (
				837A493F1A96724E00D806AD /* Ribbit */,
				837A49571A96724E00D806AD /* RibbitTests */,
				837A493E1A96724E00D806AD /* Products */,
				837A49801A96899300D806AD /* libsqlite3.dylib */,
				837A497E1A96898800D806AD /* libz.dylib */,
				837A497C1A96897900D806AD /* SystemConfiguration.framework */,
				837A497A1A96896F00D806AD /* StoreKit.framework */,
				837A49781A96896800D806AD /* Security.framework */,
				837A49761A96896000D806AD /* QuartzCore.framework */,
				837A49741A96895600D806AD /* MobileCoreServices.framework */,
				837A49721A96894C00D806AD /* CoreLocation.framework */,
				837A49701A96894300D806AD /* CoreGraphics.framework */,
				837A496E1A96893900D806AD /* CFNetwork.framework */,
				837A496C1A96892E00D806AD /* AudioToolbox.framework */,
				837A49681A9688FC00D806AD /* Bolts.framework */,
				837A49691A9688FC00D806AD /* Parse.framework */,
			);
			sourceTree = "<group>";
		};
		837A493E1A96724E00D806AD /* Products */ = {
			isa = PBXGroup;
			children = (
				837A493D1A96724E00D806AD /* Ribbit.app */,
				837A49541A96724E00D806AD /* RibbitTests.xctest */,
			);
			name = Products;
			sourceTree = "<group>";
		};
		837A493F1A96724E00D806AD /* Ribbit */ = {
			isa = PBXGroup;
			children = (
				837A49421A96724E00D806AD /* AppDelegate.swift */,
				83F870E91A97DAD4004942AA /* CameraViewController.swift */,
				83AA0C3B1A97AC01003035B0 /* EditFriendsTableViewController.swift */,
				83F870E71A97BC29004942AA /* FriendsViewController.swift */,
				838272D51A96935600D3C363 /* LoginViewController.swift */,
				838272D71A96937500D3C363 /* SignUpViewController.swift */,
				837A49661A96800300D806AD /* InboxViewController.swift */,
				837A49481A96724E00D806AD /* Main.storyboard */,
				837A494B1A96724E00D806AD /* Images.xcassets */,
				837A494D1A96724E00D806AD /* LaunchScreen.xib */,
				837A49821A968AEB00D806AD /* Ribbit-Bridging-Header.h */,
				837A49401A96724E00D806AD /* Supporting Files */,
			);
			path = Ribbit;
			sourceTree = "<group>";
		};
		837A49401A96724E00D806AD /* Supporting Files */ = {
			isa = PBXGroup;
			children = (
				837A49411A96724E00D806AD /* Info.plist */,
			);
			name = "Supporting Files";
			sourceTree = "<group>";
		};
		837A49571A96724E00D806AD /* RibbitTests */ = {
			isa = PBXGroup;
			children = (
				837A495A1A96724E00D806AD /* RibbitTests.swift */,
				837A49581A96724E00D806AD /* Supporting Files */,
			);
			path = RibbitTests;
			sourceTree = "<group>";
		};
		837A49581A96724E00D806AD /* Supporting Files */ = {
			isa = PBXGroup;
			children = (
				837A49591A96724E00D806AD /* Info.plist */,
			);
			name = "Supporting Files";
			sourceTree = "<group>";
		};
/* End PBXGroup section */

/* Begin PBXNativeTarget section */
		837A493C1A96724E00D806AD /* Ribbit */ = {
			isa = PBXNativeTarget;
			buildConfigurationList = 837A495E1A96724E00D806AD /* Build configuration list for PBXNativeTarget "Ribbit" */;
			buildPhases = (
				837A49391A96724E00D806AD /* Sources */,
				837A493A1A96724E00D806AD /* Frameworks */,
				837A493B1A96724E00D806AD /* Resources */,
			);
			buildRules = (
			);
			dependencies = (
			);
			name = Ribbit;
			productName = Ribbit;
			productReference = 837A493D1A96724E00D806AD /* Ribbit.app */;
			productType = "com.apple.product-type.application";
		};
		837A49531A96724E00D806AD /* RibbitTests */ = {
			isa = PBXNativeTarget;
			buildConfigurationList = 837A49611A96724E00D806AD /* Build configuration list for PBXNativeTarget "RibbitTests" */;
			buildPhases = (
				837A49501A96724E00D806AD /* Sources */,
				837A49511A96724E00D806AD /* Frameworks */,
				837A49521A96724E00D806AD /* Resources */,
			);
			buildRules = (
			);
			dependencies = (
				837A49561A96724E00D806AD /* PBXTargetDependency */,
			);
			name = RibbitTests;
			productName = RibbitTests;
			productReference = 837A49541A96724E00D806AD /* RibbitTests.xctest */;
			productType = "com.apple.product-type.bundle.unit-test";
		};
/* End PBXNativeTarget section */

/* Begin PBXProject section */
		837A49351A96724E00D806AD /* Project object */ = {
			isa = PBXProject;
			attributes = {
				LastUpgradeCheck = 0610;
				ORGANIZATIONNAME = ClassicTim;
				TargetAttributes = {
					837A493C1A96724E00D806AD = {
						CreatedOnToolsVersion = 6.1.1;
					};
					837A49531A96724E00D806AD = {
						CreatedOnToolsVersion = 6.1.1;
						TestTargetID = 837A493C1A96724E00D806AD;
					};
				};
			};
			buildConfigurationList = 837A49381A96724E00D806AD /* Build configuration list for PBXProject "Ribbit" */;
			compatibilityVersion = "Xcode 3.2";
			developmentRegion = English;
			hasScannedForEncodings = 0;
			knownRegions = (
				en,
				Base,
			);
			mainGroup = 837A49341A96724E00D806AD;
			productRefGroup = 837A493E1A96724E00D806AD /* Products */;
			projectDirPath = "";
			projectRoot = "";
			targets = (
				837A493C1A96724E00D806AD /* Ribbit */,
				837A49531A96724E00D806AD /* RibbitTests */,
			);
		};
/* End PBXProject section */

/* Begin PBXResourcesBuildPhase section */
		837A493B1A96724E00D806AD /* Resources */ = {
			isa = PBXResourcesBuildPhase;
			buildActionMask = 2147483647;
			files = (
				837A494A1A96724E00D806AD /* Main.storyboard in Resources */,
				837A494F1A96724E00D806AD /* LaunchScreen.xib in Resources */,
				837A494C1A96724E00D806AD /* Images.xcassets in Resources */,
			);
			runOnlyForDeploymentPostprocessing = 0;
		};
		837A49521A96724E00D806AD /* Resources */ = {
			isa = PBXResourcesBuildPhase;
			buildActionMask = 2147483647;
			files = (
			);
			runOnlyForDeploymentPostprocessing = 0;
		};
/* End PBXResourcesBuildPhase section */

/* Begin PBXSourcesBuildPhase section */
		837A49391A96724E00D806AD /* Sources */ = {
			isa = PBXSourcesBuildPhase;
			buildActionMask = 2147483647;
			files = (
				838272D61A96935600D3C363 /* LoginViewController.swift in Sources */,
				837A49431A96724E00D806AD /* AppDelegate.swift in Sources */,
				83AA0C3C1A97AC01003035B0 /* EditFriendsTableViewController.swift in Sources */,
				838272D81A96937500D3C363 /* SignUpViewController.swift in Sources */,
				83F870EA1A97DAD4004942AA /* CameraViewController.swift in Sources */,
				83F870E81A97BC29004942AA /* FriendsViewController.swift in Sources */,
				837A49671A96800300D806AD /* InboxViewController.swift in Sources */,
			);
			runOnlyForDeploymentPostprocessing = 0;
		};
		837A49501A96724E00D806AD /* Sources */ = {
			isa = PBXSourcesBuildPhase;
			buildActionMask = 2147483647;
			files = (
				837A495B1A96724E00D806AD /* RibbitTests.swift in Sources */,
			);
			runOnlyForDeploymentPostprocessing = 0;
		};
/* End PBXSourcesBuildPhase section */

/* Begin PBXTargetDependency section */
		837A49561A96724E00D806AD /* PBXTargetDependency */ = {
			isa = PBXTargetDependency;
			target = 837A493C1A96724E00D806AD /* Ribbit */;
			targetProxy = 837A49551A96724E00D806AD /* PBXContainerItemProxy */;
		};
/* End PBXTargetDependency section */

/* Begin PBXVariantGroup section */
		837A49481A96724E00D806AD /* Main.storyboard */ = {
			isa = PBXVariantGroup;
			children = (
				837A49491A96724E00D806AD /* Base */,
			);
			name = Main.storyboard;
			sourceTree = "<group>";
		};
		837A494D1A96724E00D806AD /* LaunchScreen.xib */ = {
			isa = PBXVariantGroup;
			children = (
				837A494E1A96724E00D806AD /* Base */,
			);
			name = LaunchScreen.xib;
			sourceTree = "<group>";
		};
/* End PBXVariantGroup section */

/* Begin XCBuildConfiguration section */
		837A495C1A96724E00D806AD /* Debug */ = {
			isa = XCBuildConfiguration;
			buildSettings = {
				ALWAYS_SEARCH_USER_PATHS = NO;
				CLANG_CXX_LANGUAGE_STANDARD = "gnu++0x";
				CLANG_CXX_LIBRARY = "libc++";
				CLANG_ENABLE_MODULES = YES;
				CLANG_ENABLE_OBJC_ARC = YES;
				CLANG_WARN_BOOL_CONVERSION = YES;
				CLANG_WARN_CONSTANT_CONVERSION = YES;
				CLANG_WARN_DIRECT_OBJC_ISA_USAGE = YES_ERROR;
				CLANG_WARN_EMPTY_BODY = YES;
				CLANG_WARN_ENUM_CONVERSION = YES;
				CLANG_WARN_INT_CONVERSION = YES;
				CLANG_WARN_OBJC_ROOT_CLASS = YES_ERROR;
				CLANG_WARN_UNREACHABLE_CODE = YES;
				CLANG_WARN__DUPLICATE_METHOD_MATCH = YES;
				"CODE_SIGN_IDENTITY[sdk=iphoneos*]" = "iPhone Developer";
				COPY_PHASE_STRIP = NO;
				ENABLE_STRICT_OBJC_MSGSEND = YES;
				GCC_C_LANGUAGE_STANDARD = gnu99;
				GCC_DYNAMIC_NO_PIC = NO;
				GCC_OPTIMIZATION_LEVEL = 0;
				GCC_PREPROCESSOR_DEFINITIONS = (
					"DEBUG=1",
					"$(inherited)",
				);
				GCC_SYMBOLS_PRIVATE_EXTERN = NO;
				GCC_WARN_64_TO_32_BIT_CONVERSION = YES;
				GCC_WARN_ABOUT_RETURN_TYPE = YES_ERROR;
				GCC_WARN_UNDECLARED_SELECTOR = YES;
				GCC_WARN_UNINITIALIZED_AUTOS = YES_AGGRESSIVE;
				GCC_WARN_UNUSED_FUNCTION = YES;
				GCC_WARN_UNUSED_VARIABLE = YES;
				IPHONEOS_DEPLOYMENT_TARGET = 8.1;
				MTL_ENABLE_DEBUG_INFO = YES;
				ONLY_ACTIVE_ARCH = YES;
				SDKROOT = iphoneos;
				SWIFT_OPTIMIZATION_LEVEL = "-Onone";
			};
			name = Debug;
		};
		837A495D1A96724E00D806AD /* Release */ = {
			isa = XCBuildConfiguration;
			buildSettings = {
				ALWAYS_SEARCH_USER_PATHS = NO;
				CLANG_CXX_LANGUAGE_STANDARD = "gnu++0x";
				CLANG_CXX_LIBRARY = "libc++";
				CLANG_ENABLE_MODULES = YES;
				CLANG_ENABLE_OBJC_ARC = YES;
				CLANG_WARN_BOOL_CONVERSION = YES;
				CLANG_WARN_CONSTANT_CONVERSION = YES;
				CLANG_WARN_DIRECT_OBJC_ISA_USAGE = YES_ERROR;
				CLANG_WARN_EMPTY_BODY = YES;
				CLANG_WARN_ENUM_CONVERSION = YES;
				CLANG_WARN_INT_CONVERSION = YES;
				CLANG_WARN_OBJC_ROOT_CLASS = YES_ERROR;
				CLANG_WARN_UNREACHABLE_CODE = YES;
				CLANG_WARN__DUPLICATE_METHOD_MATCH = YES;
				"CODE_SIGN_IDENTITY[sdk=iphoneos*]" = "iPhone Developer";
				COPY_PHASE_STRIP = YES;
				ENABLE_NS_ASSERTIONS = NO;
				ENABLE_STRICT_OBJC_MSGSEND = YES;
				GCC_C_LANGUAGE_STANDARD = gnu99;
				GCC_WARN_64_TO_32_BIT_CONVERSION = YES;
				GCC_WARN_ABOUT_RETURN_TYPE = YES_ERROR;
				GCC_WARN_UNDECLARED_SELECTOR = YES;
				GCC_WARN_UNINITIALIZED_AUTOS = YES_AGGRESSIVE;
				GCC_WARN_UNUSED_FUNCTION = YES;
				GCC_WARN_UNUSED_VARIABLE = YES;
				IPHONEOS_DEPLOYMENT_TARGET = 8.1;
				MTL_ENABLE_DEBUG_INFO = NO;
				SDKROOT = iphoneos;
				VALIDATE_PRODUCT = YES;
			};
			name = Release;
		};
		837A495F1A96724E00D806AD /* Debug */ = {
			isa = XCBuildConfiguration;
			buildSettings = {
				ASSETCATALOG_COMPILER_APPICON_NAME = AppIcon;
				CLANG_ENABLE_MODULES = YES;
				FRAMEWORK_SEARCH_PATHS = (
					"$(inherited)",
					"$(PROJECT_DIR)",
				);
				INFOPLIST_FILE = Ribbit/Info.plist;
				LD_RUNPATH_SEARCH_PATHS = "$(inherited) @executable_path/Frameworks";
				PRODUCT_NAME = "$(TARGET_NAME)";
				SWIFT_OBJC_BRIDGING_HEADER = "Ribbit/Ribbit-Bridging-Header.h";
				SWIFT_OPTIMIZATION_LEVEL = "-Onone";
			};
			name = Debug;
		};
		837A49601A96724E00D806AD /* Release */ = {
			isa = XCBuildConfiguration;
			buildSettings = {
				ASSETCATALOG_COMPILER_APPICON_NAME = AppIcon;
				CLANG_ENABLE_MODULES = YES;
				FRAMEWORK_SEARCH_PATHS = (
					"$(inherited)",
					"$(PROJECT_DIR)",
				);
				INFOPLIST_FILE = Ribbit/Info.plist;
				LD_RUNPATH_SEARCH_PATHS = "$(inherited) @executable_path/Frameworks";
				PRODUCT_NAME = "$(TARGET_NAME)";
				SWIFT_OBJC_BRIDGING_HEADER = "Ribbit/Ribbit-Bridging-Header.h";
			};
			name = Release;
		};
		837A49621A96724E00D806AD /* Debug */ = {
			isa = XCBuildConfiguration;
			buildSettings = {
				BUNDLE_LOADER = "$(TEST_HOST)";
				FRAMEWORK_SEARCH_PATHS = (
					"$(SDKROOT)/Developer/Library/Frameworks",
					"$(inherited)",
				);
				GCC_PREPROCESSOR_DEFINITIONS = (
					"DEBUG=1",
					"$(inherited)",
				);
				INFOPLIST_FILE = RibbitTests/Info.plist;
				LD_RUNPATH_SEARCH_PATHS = "$(inherited) @executable_path/Frameworks @loader_path/Frameworks";
				PRODUCT_NAME = "$(TARGET_NAME)";
				TEST_HOST = "$(BUILT_PRODUCTS_DIR)/Ribbit.app/Ribbit";
			};
			name = Debug;
		};
		837A49631A96724E00D806AD /* Release */ = {
			isa = XCBuildConfiguration;
			buildSettings = {
				BUNDLE_LOADER = "$(TEST_HOST)";
				FRAMEWORK_SEARCH_PATHS = (
					"$(SDKROOT)/Developer/Library/Frameworks",
					"$(inherited)",
				);
				INFOPLIST_FILE = RibbitTests/Info.plist;
				LD_RUNPATH_SEARCH_PATHS = "$(inherited) @executable_path/Frameworks @loader_path/Frameworks";
				PRODUCT_NAME = "$(TARGET_NAME)";
				TEST_HOST = "$(BUILT_PRODUCTS_DIR)/Ribbit.app/Ribbit";
			};
			name = Release;
		};
/* End XCBuildConfiguration section */

/* Begin XCConfigurationList section */
		837A49381A96724E00D806AD /* Build configuration list for PBXProject "Ribbit" */ = {
			isa = XCConfigurationList;
			buildConfigurations = (
				837A495C1A96724E00D806AD /* Debug */,
				837A495D1A96724E00D806AD /* Release */,
			);
			defaultConfigurationIsVisible = 0;
			defaultConfigurationName = Release;
		};
		837A495E1A96724E00D806AD /* Build configuration list for PBXNativeTarget "Ribbit" */ = {
			isa = XCConfigurationList;
			buildConfigurations = (
				837A495F1A96724E00D806AD /* Debug */,
				837A49601A96724E00D806AD /* Release */,
			);
			defaultConfigurationIsVisible = 0;
			defaultConfigurationName = Release;
		};
		837A49611A96724E00D806AD /* Build configuration list for PBXNativeTarget "RibbitTests" */ = {
			isa = XCConfigurationList;
			buildConfigurations = (
				837A49621A96724E00D806AD /* Debug */,
				837A49631A96724E00D806AD /* Release */,
			);
			defaultConfigurationIsVisible = 0;
			defaultConfigurationName = Release;
		};
/* End XCConfigurationList section */
	};
	rootObject = 837A49351A96724E00D806AD /* Project object */;
}
